
Microsoft Visual Studio Solution File, Format Version 12.00
# Visual Studio 15
VisualStudioVersion = 15.0.28307.757
MinimumVisualStudioVersion = 10.0.40219.1
Project("{FAE04EC0-301F-11D3-BF4B-00C04F79EFBC}") = "Tic-Tac-Toe", "Tic-Tac-Toe\Tic-Tac-Toe.csproj", "{5974ECAA-49C0-4684-AA67-646560D804DB}"
EndProject
Global
	GlobalSection(SolutionConfigurationPlatforms) = preSolution
		Debug|Any CPU = Debug|Any CPU
		Release|Any CPU = Release|Any CPU
	EndGlobalSection
	GlobalSection(ProjectConfigurationPlatforms) = postSolution
		{5974ECAA-49C0-4684-AA67-646560D804DB}.Debug|Any CPU.ActiveCfg = Debug|Any CPU
		{5974ECAA-49C0-4684-AA67-646560D804DB}.Debug|Any CPU.Build.0 = Debug|Any CPU
		{5974ECAA-49C0-4684-AA67-646560D804DB}.Release|Any CPU.ActiveCfg = Release|Any CPU
		{5974ECAA-49C0-4684-AA67-646560D804DB}.Release|Any CPU.Build.0 = Release|Any CPU
	EndGlobalSection
	GlobalSection(SolutionProperties) = preSolution
		HideSolutionNode = FALSE
	EndGlobalSection
	GlobalSection(ExtensibilityGlobals) = postSolution
		SolutionGuid = {89B70BC7-E3D1-4717-8D50-3BA5A9AAA840}
	EndGlobalSection
EndGlobal
